
Microsoft Visual Studio Solution File, Format Version 12.00
# Visual Studio Version 17
VisualStudioVersion = 17.11.35327.3
MinimumVisualStudioVersion = 10.0.40219.1
Project("{FAE04EC0-301F-11D3-BF4B-00C04F79EFBC}") = "mastermind", "mastermind\mastermind.csproj", "{29E351EC-61F0-4DE0-9A6D-9EA63C7C2C5E}"
EndProject
Global
	GlobalSection(SolutionConfigurationPlatforms) = preSolution
		Debug|Any CPU = Debug|Any CPU
		Release|Any CPU = Release|Any CPU
	EndGlobalSection
	GlobalSection(ProjectConfigurationPlatforms) = postSolution
		{29E351EC-61F0-4DE0-9A6D-9EA63C7C2C5E}.Debug|Any CPU.ActiveCfg = Debug|Any CPU
		{29E351EC-61F0-4DE0-9A6D-9EA63C7C2C5E}.Debug|Any CPU.Build.0 = Debug|Any CPU
		{29E351EC-61F0-4DE0-9A6D-9EA63C7C2C5E}.Release|Any CPU.ActiveCfg = Release|Any CPU
		{29E351EC-61F0-4DE0-9A6D-9EA63C7C2C5E}.Release|Any CPU.Build.0 = Release|Any CPU
	EndGlobalSection
	GlobalSection(SolutionProperties) = preSolution
		HideSolutionNode = FALSE
	EndGlobalSection
	GlobalSection(ExtensibilityGlobals) = postSolution
		SolutionGuid = {CF221956-68B0-401E-9FD5-CC319E5626FF}
	EndGlobalSection
EndGlobal
